PODS:
  - SwiftRangeSlider (2.0.0)

DEPENDENCIES:
  - SwiftRangeSlider

SPEC REPOS:
  https://github.com/CocoaPods/Specs.git:
    - SwiftRangeSlider

SPEC CHECKSUMS:
  SwiftRangeSlider: f86e3b637c961120158fa1a89277c8343845cbe4

PODFILE CHECKSUM: 4d67fd0c10b11980114c29dd1cddeadd4b5882a4

COCOAPODS: 1.5.0
