PODS:
  - SwiftRangeSlider (2.0.0)

DEPENDENCIES:
  - SwiftRangeSlider

SPEC REPOS:
  https://github.com/CocoaPods/Specs.git:
    - SwiftRangeSlider

SPEC CHECKSUMS:
  SwiftRangeSlider: f86e3b637c961120158fa1a89277c8343845cbe4

PODFILE CHECKSUM: 01156e9daa7dc3fd6d5087a677d472ca5a65b4d8

COCOAPODS: 1.5.0
